{
  "version": 4,
  "terraform_version": "1.3.6",
  "serial": 8,
  "lineage": "f74b6121-0cf6-6a8c-5e90-82ed57e6afa1",
  "outputs": {},
  "resources": [
    {
      "module": "module.web-deploy[\"web_deploy_tax_sequence_dev.json\"]",
      "mode": "data",
      "type": "azurerm_resources",
      "name": "vnetrg",
      "provider": "provider[\"registry.terraform.io/hashicorp/azurerm\"]",
      "instances": [
        {
          "schema_version": 0,
          "attributes": {
            "id": "resource-d9c6323d-2d33-4ac3-860d-235fd243cbbd",
            "name": null,
            "required_tags": null,
            "resource_group_name": "TAX-DEV-NETWORK-RG",
            "resources": [
              {
                "id": "/subscriptions/291d580d-af84-4966-834b-e3082071922d/resourceGroups/TAX-DEV-NETWORK-RG/providers/Microsoft.Network/virtualNetworks/TAX-DEV-VNET",
                "location": "uksouth",
                "name": "TAX-DEV-VNET",
                "tags": {},
                "type": "Microsoft.Network/virtualNetworks"
              }
            ],
            "timeouts": null,
            "type": null
          },
          "sensitive_attributes": []
        }
      ]
    },
    {
      "module": "module.web-deploy[\"web_deploy_tax_sequence_dev.json\"]",
      "mode": "data",
      "type": "azurerm_subnet",
      "name": "subnet",
      "provider": "provider[\"registry.terraform.io/hashicorp/azurerm\"]",
      "instances": [
        {
          "schema_version": 0,
          "attributes": {
            "address_prefix": "10.0.1.0/24",
            "address_prefixes": [
              "10.0.1.0/24"
            ],
            "enforce_private_link_endpoint_network_policies": true,
            "enforce_private_link_service_network_policies": false,
            "id": "/subscriptions/291d580d-af84-4966-834b-e3082071922d/resourceGroups/TAX-DEV-NETWORK-RG/providers/Microsoft.Network/virtualNetworks/TAX-DEV-VNET/subnets/DEV-WEB-SUBNET",
            "name": "DEV-WEB-SUBNET",
            "network_security_group_id": "",
            "private_endpoint_network_policies_enabled": false,
            "private_link_service_network_policies_enabled": true,
            "resource_group_name": "TAX-DEV-NETWORK-RG",
            "route_table_id": "",
            "service_endpoints": [],
            "timeouts": null,
            "virtual_network_name": "TAX-DEV-VNET"
          },
          "sensitive_attributes": []
        }
      ]
    },
    {
      "module": "module.web-deploy[\"web_deploy_tax_sequence_dev.json\"]",
      "mode": "data",
      "type": "azurerm_virtual_network",
      "name": "vnet",
      "provider": "provider[\"registry.terraform.io/hashicorp/azurerm\"]",
      "instances": [
        {
          "schema_version": 0,
          "attributes": {
            "address_space": [
              "10.0.0.0/16"
            ],
            "dns_servers": null,
            "guid": "fc0ba46f-031b-4be6-857a-21e5cedfb6fa",
            "id": "/subscriptions/291d580d-af84-4966-834b-e3082071922d/resourceGroups/TAX-DEV-NETWORK-RG/providers/Microsoft.Network/virtualNetworks/TAX-DEV-VNET",
            "location": "uksouth",
            "name": "TAX-DEV-VNET",
            "resource_group_name": "TAX-DEV-NETWORK-RG",
            "subnets": [
              "DEV-WEB-SUBNET",
              "DEV-APP-SUBNET",
              "DEV-DATA-SUBNET"
            ],
            "tags": {},
            "timeouts": null,
            "vnet_peerings": {},
            "vnet_peerings_addresses": []
          },
          "sensitive_attributes": []
        }
      ]
    },
    {
      "module": "module.web-deploy[\"web_deploy_tax_sequence_dev.json\"]",
      "mode": "managed",
      "type": "azurerm_network_interface",
      "name": "nic",
      "provider": "provider[\"registry.terraform.io/hashicorp/azurerm\"]",
      "instances": [
        {
          "schema_version": 0,
          "attributes": {
            "applied_dns_servers": [],
            "dns_servers": [],
            "edge_zone": "",
            "enable_accelerated_networking": false,
            "enable_ip_forwarding": false,
            "id": "/subscriptions/291d580d-af84-4966-834b-e3082071922d/resourceGroups/tax-sequence-dev-RG/providers/Microsoft.Network/networkInterfaces/tf-nic",
            "internal_dns_name_label": "",
            "internal_domain_name_suffix": "n4sax5a1aptexbl0ehs23x3w5c.zx.internal.cloudapp.net",
            "ip_configuration": [
              {
                "gateway_load_balancer_frontend_ip_configuration_id": "",
                "name": "internal",
                "primary": true,
                "private_ip_address": "10.0.1.4",
                "private_ip_address_allocation": "Dynamic",
                "private_ip_address_version": "IPv4",
                "public_ip_address_id": "",
                "subnet_id": "/subscriptions/291d580d-af84-4966-834b-e3082071922d/resourceGroups/TAX-DEV-NETWORK-RG/providers/Microsoft.Network/virtualNetworks/TAX-DEV-VNET/subnets/DEV-WEB-SUBNET"
              }
            ],
            "location": "uksouth",
            "mac_address": "",
            "name": "tf-nic",
            "private_ip_address": "10.0.1.4",
            "private_ip_addresses": [
              "10.0.1.4"
            ],
            "resource_group_name": "tax-sequence-dev-RG",
            "tags": {},
            "timeouts": null,
            "virtual_machine_id": ""
          },
          "sensitive_attributes": [],
          "private": "eyJlMmJmYjczMC1lY2FhLTExZTYtOGY4OC0zNDM2M2JjN2M0YzAiOnsiY3JlYXRlIjoxODAwMDAwMDAwMDAwLCJkZWxldGUiOjE4MDAwMDAwMDAwMDAsInJlYWQiOjMwMDAwMDAwMDAwMCwidXBkYXRlIjoxODAwMDAwMDAwMDAwfX0=",
          "dependencies": [
            "module.web-deploy.azurerm_resource_group.myrg",
            "module.web-deploy.data.azurerm_resources.vnetrg",
            "module.web-deploy.data.azurerm_subnet.subnet",
            "module.web-deploy.data.azurerm_virtual_network.vnet"
          ]
        }
      ]
    },
    {
      "module": "module.web-deploy[\"web_deploy_tax_sequence_dev.json\"]",
      "mode": "managed",
      "type": "azurerm_resource_group",
      "name": "myrg",
      "provider": "provider[\"registry.terraform.io/hashicorp/azurerm\"]",
      "instances": [
        {
          "schema_version": 0,
          "attributes": {
            "id": "/subscriptions/291d580d-af84-4966-834b-e3082071922d/resourceGroups/tax-sequence-dev-RG",
            "location": "uksouth",
            "name": "tax-sequence-dev-RG",
            "tags": {},
            "timeouts": null
          },
          "sensitive_attributes": [],
          "private": "eyJlMmJmYjczMC1lY2FhLTExZTYtOGY4OC0zNDM2M2JjN2M0YzAiOnsiY3JlYXRlIjo1NDAwMDAwMDAwMDAwLCJkZWxldGUiOjU0MDAwMDAwMDAwMDAsInJlYWQiOjMwMDAwMDAwMDAwMCwidXBkYXRlIjo1NDAwMDAwMDAwMDAwfX0="
        }
      ]
    }
  ],
  "check_results": null
}
